
Microsoft Visual Studio Solution File, Format Version 12.00
# Visual Studio 14
VisualStudioVersion = 14.0.25420.1
MinimumVisualStudioVersion = 10.0.40219.1
Project("{FAE04EC0-301F-11D3-BF4B-00C04F79EFBC}") = "ListaDeEstudiante", "ListaDeEstudiante\ListaDeEstudiante.csproj", "{106B6EB0-B744-48DB-9C52-FB48E4DC8D92}"
EndProject
Global
	GlobalSection(SolutionConfigurationPlatforms) = preSolution
		Debug|Any CPU = Debug|Any CPU
		Release|Any CPU = Release|Any CPU
	EndGlobalSection
	GlobalSection(ProjectConfigurationPlatforms) = postSolution
		{106B6EB0-B744-48DB-9C52-FB48E4DC8D92}.Debug|Any CPU.ActiveCfg = Debug|Any CPU
		{106B6EB0-B744-48DB-9C52-FB48E4DC8D92}.Debug|Any CPU.Build.0 = Debug|Any CPU
		{106B6EB0-B744-48DB-9C52-FB48E4DC8D92}.Release|Any CPU.ActiveCfg = Release|Any CPU
		{106B6EB0-B744-48DB-9C52-FB48E4DC8D92}.Release|Any CPU.Build.0 = Release|Any CPU
	EndGlobalSection
	GlobalSection(SolutionProperties) = preSolution
		HideSolutionNode = FALSE
	EndGlobalSection
EndGlobal
